Microsoft Visual Studio Solution File, Format Version 11.00
# Visual Studio 2008

Project("{EDEE1A9E-CC20-540E-B578-676EE72F9F6F}") = "SkrrrtPractice", "Assembly-CSharp.csproj", "{4E8093DF-C110-7158-D10B-BEB23AAE2557}"
EndProject
Project("{EDEE1A9E-CC20-540E-B578-676EE72F9F6F}") = "SkrrrtPractice", "Assembly-CSharp-Editor.csproj", "{66236E44-39CA-0527-9CEB-73CD37662F38}"
EndProject
Global
	GlobalSection(SolutionConfigurationPlatforms) = preSolution
		Debug|Any CPU = Debug|Any CPU
		Release|Any CPU = Release|Any CPU
	EndGlobalSection
	GlobalSection(ProjectConfigurationPlatforms) = postSolution
		{4E8093DF-C110-7158-D10B-BEB23AAE2557}.Debug|Any CPU.ActiveCfg = Debug|Any CPU
		{4E8093DF-C110-7158-D10B-BEB23AAE2557}.Debug|Any CPU.Build.0 = Debug|Any CPU
		{4E8093DF-C110-7158-D10B-BEB23AAE2557}.Release|Any CPU.ActiveCfg = Release|Any CPU
		{4E8093DF-C110-7158-D10B-BEB23AAE2557}.Release|Any CPU.Build.0 = Release|Any CPU
		{66236E44-39CA-0527-9CEB-73CD37662F38}.Debug|Any CPU.ActiveCfg = Debug|Any CPU
		{66236E44-39CA-0527-9CEB-73CD37662F38}.Debug|Any CPU.Build.0 = Debug|Any CPU
		{66236E44-39CA-0527-9CEB-73CD37662F38}.Release|Any CPU.ActiveCfg = Release|Any CPU
		{66236E44-39CA-0527-9CEB-73CD37662F38}.Release|Any CPU.Build.0 = Release|Any CPU
	EndGlobalSection
	GlobalSection(SolutionProperties) = preSolution
		HideSolutionNode = FALSE
	EndGlobalSection
																					GlobalSection(MonoDevelopProperties) = preSolution
		StartupItem = Assembly-CSharp.csproj
		Policies = $0
		$0.TextStylePolicy = $1
		$1.inheritsSet = null
		$1.scope = text/x-csharp
		$0.CSharpFormattingPolicy = $2
		$2.inheritsSet = Mono
		$2.inheritsScope = text/x-csharp
		$2.scope = text/x-csharp
		$0.TextStylePolicy = $3
		$3.FileWidth = 120
		$3.TabWidth = 4
		$3.IndentWidth = 4
		$3.EolMarker = Unix
		$3.inheritsSet = Mono
		$3.inheritsScope = text/plain
		$3.scope = text/plain
	EndGlobalSection

EndGlobal
